
Microsoft Visual Studio Solution File, Format Version 12.00
# Visual Studio Version 16
VisualStudioVersion = 16.0.30309.148
MinimumVisualStudioVersion = 10.0.40219.1
Project("{9A19103F-16F7-4668-BE54-9A1E7A4F7556}") = "mvc_test", "mvc_test\mvc_test.csproj", "{DC74CFBE-4CCE-416D-A8C4-7A024C8DFAE8}"
EndProject
Global
	GlobalSection(SolutionConfigurationPlatforms) = preSolution
		Debug|Any CPU = Debug|Any CPU
		Release|Any CPU = Release|Any CPU
	EndGlobalSection
	GlobalSection(ProjectConfigurationPlatforms) = postSolution
		{DC74CFBE-4CCE-416D-A8C4-7A024C8DFAE8}.Debug|Any CPU.ActiveCfg = Debug|Any CPU
		{DC74CFBE-4CCE-416D-A8C4-7A024C8DFAE8}.Debug|Any CPU.Build.0 = Debug|Any CPU
		{DC74CFBE-4CCE-416D-A8C4-7A024C8DFAE8}.Release|Any CPU.ActiveCfg = Release|Any CPU
		{DC74CFBE-4CCE-416D-A8C4-7A024C8DFAE8}.Release|Any CPU.Build.0 = Release|Any CPU
	EndGlobalSection
	GlobalSection(SolutionProperties) = preSolution
		HideSolutionNode = FALSE
	EndGlobalSection
	GlobalSection(ExtensibilityGlobals) = postSolution
		SolutionGuid = {6F05C506-A249-4B7D-98DB-89C0C442A012}
	EndGlobalSection
EndGlobal
