
Microsoft Visual Studio Solution File, Format Version 12.00
# Visual Studio Version 16
VisualStudioVersion = 16.0.30309.148
MinimumVisualStudioVersion = 10.0.40219.1
Project("{FAE04EC0-301F-11D3-BF4B-00C04F79EFBC}") = "ams_api", "ams_api\ams_api.csproj", "{F3C29A25-22B9-40E1-9DA6-270798898471}"
EndProject
Global
	GlobalSection(SolutionConfigurationPlatforms) = preSolution
		Debug|Any CPU = Debug|Any CPU
		Release|Any CPU = Release|Any CPU
	EndGlobalSection
	GlobalSection(ProjectConfigurationPlatforms) = postSolution
		{F3C29A25-22B9-40E1-9DA6-270798898471}.Debug|Any CPU.ActiveCfg = Debug|Any CPU
		{F3C29A25-22B9-40E1-9DA6-270798898471}.Debug|Any CPU.Build.0 = Debug|Any CPU
		{F3C29A25-22B9-40E1-9DA6-270798898471}.Release|Any CPU.ActiveCfg = Release|Any CPU
		{F3C29A25-22B9-40E1-9DA6-270798898471}.Release|Any CPU.Build.0 = Release|Any CPU
	EndGlobalSection
	GlobalSection(SolutionProperties) = preSolution
		HideSolutionNode = FALSE
	EndGlobalSection
	GlobalSection(ExtensibilityGlobals) = postSolution
		SolutionGuid = {A726D2DD-9AAD-4141-B549-BEC7A44446C3}
	EndGlobalSection
EndGlobal
